// !$*UTF8*$!
{
	archiveVersion = 1;
	classes = {
	};
	objectVersion = 50;
	objects = {

/* Begin PBXBuildFile section */
		1894801CEB793CCEE103D7B0 /* libPods-VideoToWebpDemo.a in Frameworks */ = {isa = PBXBuildFile; fileRef = 33A08A3076576EE6E16B65B3 /* libPods-VideoToWebpDemo.a */; };
		465A4042209B14C400B4C795 /* AppDelegate.m in Sources */ = {isa = PBXBuildFile; fileRef = 465A4041209B14C400B4C795 /* AppDelegate.m */; };
		465A4045209B14C700B4C795 /* ViewController.m in Sources */ = {isa = PBXBuildFile; fileRef = 465A4044209B14C700B4C795 /* ViewController.m */; };
		465A4048209B14C800B4C795 /* Main.storyboard in Resources */ = {isa = PBXBuildFile; fileRef = 465A4046209B14C800B4C795 /* Main.storyboard */; };
		465A404A209B14CC00B4C795 /* Assets.xcassets in Resources */ = {isa = PBXBuildFile; fileRef = 465A4049209B14CC00B4C795 /* Assets.xcassets */; };
		465A404D209B14CC00B4C795 /* LaunchScreen.storyboard in Resources */ = {isa = PBXBuildFile; fileRef = 465A404B209B14CC00B4C795 /* LaunchScreen.storyboard */; };
		465A4050209B14CC00B4C795 /* main.m in Sources */ = {isa = PBXBuildFile; fileRef = 465A404F209B14CC00B4C795 /* main.m */; };
		465A405A209B14CC00B4C795 /* VideoToWebpDemoUITests.m in Sources */ = {isa = PBXBuildFile; fileRef = 465A4059209B14CC00B4C795 /* VideoToWebpDemoUITests.m */; };
		465A4065209B154000B4C795 /* Test.mp4 in Resources */ = {isa = PBXBuildFile; fileRef = 465A4064209B154000B4C795 /* Test.mp4 */; };
/* End PBXBuildFile section */

/* Begin PBXContainerItemProxy section */
		465A4056209B14CC00B4C795 /* PBXContainerItemProxy */ = {
			isa = PBXContainerItemProxy;
			containerPortal = 465A4035209B14C400B4C795 /* Project object */;
			proxyType = 1;
			remoteGlobalIDString = 465A403C209B14C400B4C795;
			remoteInfo = VideoToWebpDemo;
		};
/* End PBXContainerItemProxy section */

/* Begin PBXFileReference section */
		33A08A3076576EE6E16B65B3 /* libPods-VideoToWebpDemo.a */ = {isa = PBXFileReference; explicitFileType = archive.ar; includeInIndex = 0; path = "libPods-VideoToWebpDemo.a"; sourceTree = BUILT_PRODUCTS_DIR; };
		465A403D209B14C400B4C795 /* VideoToWebpDemo.app */ = {isa = PBXFileReference; explicitFileType = wrapper.application; includeInIndex = 0; path = VideoToWebpDemo.app; sourceTree = BUILT_PRODUCTS_DIR; };
		465A4040209B14C400B4C795 /* AppDelegate.h */ = {isa = PBXFileReference; lastKnownFileType = sourcecode.c.h; path = AppDelegate.h; sourceTree = "<group>"; };
		465A4041209B14C400B4C795 /* AppDelegate.m */ = {isa = PBXFileReference; lastKnownFileType = sourcecode.c.objc; path = AppDelegate.m; sourceTree = "<group>"; };
		465A4043209B14C400B4C795 /* ViewController.h */ = {isa = PBXFileReference; lastKnownFileType = sourcecode.c.h; path = ViewController.h; sourceTree = "<group>"; };
		465A4044209B14C700B4C795 /* ViewController.m */ = {isa = PBXFileReference; lastKnownFileType = sourcecode.c.objc; path = ViewController.m; sourceTree = "<group>"; };
		465A4047209B14C800B4C795 /* Base */ = {isa = PBXFileReference; lastKnownFileType = file.storyboard; name = Base; path = Base.lproj/Main.storyboard; sourceTree = "<group>"; };
		465A4049209B14CC00B4C795 /* Assets.xcassets */ = {isa = PBXFileReference; lastKnownFileType = folder.assetcatalog; path = Assets.xcassets; sourceTree = "<group>"; };
		465A404C209B14CC00B4C795 /* Base */ = {isa = PBXFileReference; lastKnownFileType = file.storyboard; name = Base; path = Base.lproj/LaunchScreen.storyboard; sourceTree = "<group>"; };
		465A404E209B14CC00B4C795 /* Info.plist */ = {isa = PBXFileReference; lastKnownFileType = text.plist.xml; path = Info.plist; sourceTree = "<group>"; };
		465A404F209B14CC00B4C795 /* main.m */ = {isa = PBXFileReference; lastKnownFileType = sourcecode.c.objc; path = main.m; sourceTree = "<group>"; };
		465A4055209B14CC00B4C795 /* VideoToWebpDemoUITests.xctest */ = {isa = PBXFileReference; explicitFileType = wrapper.cfbundle; includeInIndex = 0; path = VideoToWebpDemoUITests.xctest; sourceTree = BUILT_PRODUCTS_DIR; };
		465A4059209B14CC00B4C795 /* VideoToWebpDemoUITests.m */ = {isa = PBXFileReference; lastKnownFileType = sourcecode.c.objc; path = VideoToWebpDemoUITests.m; sourceTree = "<group>"; };
		465A405B209B14CC00B4C795 /* Info.plist */ = {isa = PBXFileReference; lastKnownFileType = text.plist.xml; path = Info.plist; sourceTree = "<group>"; };
		465A4064209B154000B4C795 /* Test.mp4 */ = {isa = PBXFileReference; lastKnownFileType = file; path = Test.mp4; sourceTree = "<group>"; };
		9EE8F28AAF74795B1FBC8AF4 /* Pods-VideoToWebpDemo.debug.xcconfig */ = {isa = PBXFileReference; includeInIndex = 1; lastKnownFileType = text.xcconfig; name = "Pods-VideoToWebpDemo.debug.xcconfig"; path = "Pods/Target Support Files/Pods-VideoToWebpDemo/Pods-VideoToWebpDemo.debug.xcconfig"; sourceTree = "<group>"; };
		C5BC8D21133426FE7E04309C /* Pods-VideoToWebpDemo.release.xcconfig */ = {isa = PBXFileReference; includeInIndex = 1; lastKnownFileType = text.xcconfig; name = "Pods-VideoToWebpDemo.release.xcconfig"; path = "Pods/Target Support Files/Pods-VideoToWebpDemo/Pods-VideoToWebpDemo.release.xcconfig"; sourceTree = "<group>"; };
/* End PBXFileReference section */

/* Begin PBXFrameworksBuildPhase section */
		465A403A209B14C400B4C795 /* Frameworks */ = {
			isa = PBXFrameworksBuildPhase;
			buildActionMask = 2147483647;
			files = (
				1894801CEB793CCEE103D7B0 /* libPods-VideoToWebpDemo.a in Frameworks */,
			);
			runOnlyForDeploymentPostprocessing = 0;
		};
		465A4052209B14CC00B4C795 /* Frameworks */ = {
			isa = PBXFrameworksBuildPhase;
			buildActionMask = 2147483647;
			files = (
			);
			runOnlyForDeploymentPostprocessing = 0;
		};
/* End PBXFrameworksBuildPhase section */

/* Begin PBXGroup section */
		465A4034209B14C400B4C795 = {
			isa = PBXGroup;
			children = (
				465A4064209B154000B4C795 /* Test.mp4 */,
				465A403F209B14C400B4C795 /* VideoToWebpDemo */,
				465A4058209B14CC00B4C795 /* VideoToWebpDemoUITests */,
				465A403E209B14C400B4C795 /* Products */,
				BE143FDE70509D5255477E28 /* Pods */,
				5093730E2035AE391AA91483 /* Frameworks */,
			);
			sourceTree = "<group>";
		};
		465A403E209B14C400B4C795 /* Products */ = {
			isa = PBXGroup;
			children = (
				465A403D209B14C400B4C795 /* VideoToWebpDemo.app */,
				465A4055209B14CC00B4C795 /* VideoToWebpDemoUITests.xctest */,
			);
			name = Products;
			sourceTree = "<group>";
		};
		465A403F209B14C400B4C795 /* VideoToWebpDemo */ = {
			isa = PBXGroup;
			children = (
				465A4040209B14C400B4C795 /* AppDelegate.h */,
				465A4041209B14C400B4C795 /* AppDelegate.m */,
				465A4043209B14C400B4C795 /* ViewController.h */,
				465A4044209B14C700B4C795 /* ViewController.m */,
				465A4046209B14C800B4C795 /* Main.storyboard */,
				465A4049209B14CC00B4C795 /* Assets.xcassets */,
				465A404B209B14CC00B4C795 /* LaunchScreen.storyboard */,
				465A404E209B14CC00B4C795 /* Info.plist */,
				465A404F209B14CC00B4C795 /* main.m */,
			);
			path = VideoToWebpDemo;
			sourceTree = "<group>";
		};
		465A4058209B14CC00B4C795 /* VideoToWebpDemoUITests */ = {
			isa = PBXGroup;
			children = (
				465A4059209B14CC00B4C795 /* VideoToWebpDemoUITests.m */,
				465A405B209B14CC00B4C795 /* Info.plist */,
			);
			path = VideoToWebpDemoUITests;
			sourceTree = "<group>";
		};
		5093730E2035AE391AA91483 /* Frameworks */ = {
			isa = PBXGroup;
			children = (
				33A08A3076576EE6E16B65B3 /* libPods-VideoToWebpDemo.a */,
			);
			name = Frameworks;
			sourceTree = "<group>";
		};
		BE143FDE70509D5255477E28 /* Pods */ = {
			isa = PBXGroup;
			children = (
				9EE8F28AAF74795B1FBC8AF4 /* Pods-VideoToWebpDemo.debug.xcconfig */,
				C5BC8D21133426FE7E04309C /* Pods-VideoToWebpDemo.release.xcconfig */,
			);
			name = Pods;
			sourceTree = "<group>";
		};
/* End PBXGroup section */

/* Begin PBXNativeTarget section */
		465A403C209B14C400B4C795 /* VideoToWebpDemo */ = {
			isa = PBXNativeTarget;
			buildConfigurationList = 465A405E209B14CC00B4C795 /* Build configuration list for PBXNativeTarget "VideoToWebpDemo" */;
			buildPhases = (
				6ACB75BD1301256F2B6918E4 /* [CP] Check Pods Manifest.lock */,
				465A4039209B14C400B4C795 /* Sources */,
				465A403A209B14C400B4C795 /* Frameworks */,
				465A403B209B14C400B4C795 /* Resources */,
				31B1BDDCEC5E78E2F7AAE40F /* [CP] Embed Pods Frameworks */,
				F6B746CBAA934A0538A83562 /* [CP] Copy Pods Resources */,
			);
			buildRules = (
			);
			dependencies = (
			);
			name = VideoToWebpDemo;
			productName = VideoToWebpDemo;
			productReference = 465A403D209B14C400B4C795 /* VideoToWebpDemo.app */;
			productType = "com.apple.product-type.application";
		};
		465A4054209B14CC00B4C795 /* VideoToWebpDemoUITests */ = {
			isa = PBXNativeTarget;
			buildConfigurationList = 465A4061209B14CC00B4C795 /* Build configuration list for PBXNativeTarget "VideoToWebpDemoUITests" */;
			buildPhases = (
				465A4051209B14CC00B4C795 /* Sources */,
				465A4052209B14CC00B4C795 /* Frameworks */,
				465A4053209B14CC00B4C795 /* Resources */,
			);
			buildRules = (
			);
			dependencies = (
				465A4057209B14CC00B4C795 /* PBXTargetDependency */,
			);
			name = VideoToWebpDemoUITests;
			productName = VideoToWebpDemoUITests;
			productReference = 465A4055209B14CC00B4C795 /* VideoToWebpDemoUITests.xctest */;
			productType = "com.apple.product-type.bundle.ui-testing";
		};
/* End PBXNativeTarget section */

/* Begin PBXProject section */
		465A4035209B14C400B4C795 /* Project object */ = {
			isa = PBXProject;
			attributes = {
				LastUpgradeCheck = 0930;
				ORGANIZATIONNAME = kanxiang;
				TargetAttributes = {
					465A403C209B14C400B4C795 = {
						CreatedOnToolsVersion = 9.3;
					};
					465A4054209B14CC00B4C795 = {
						CreatedOnToolsVersion = 9.3;
						TestTargetID = 465A403C209B14C400B4C795;
					};
				};
			};
			buildConfigurationList = 465A4038209B14C400B4C795 /* Build configuration list for PBXProject "VideoToWebpDemo" */;
			compatibilityVersion = "Xcode 9.3";
			developmentRegion = en;
			hasScannedForEncodings = 0;
			knownRegions = (
				en,
				Base,
			);
			mainGroup = 465A4034209B14C400B4C795;
			productRefGroup = 465A403E209B14C400B4C795 /* Products */;
			projectDirPath = "";
			projectRoot = "";
			targets = (
				465A403C209B14C400B4C795 /* VideoToWebpDemo */,
				465A4054209B14CC00B4C795 /* VideoToWebpDemoUITests */,
			);
		};
/* End PBXProject section */

/* Begin PBXResourcesBuildPhase section */
		465A403B209B14C400B4C795 /* Resources */ = {
			isa = PBXResourcesBuildPhase;
			buildActionMask = 2147483647;
			files = (
				465A4065209B154000B4C795 /* Test.mp4 in Resources */,
				465A404D209B14CC00B4C795 /* LaunchScreen.storyboard in Resources */,
				465A404A209B14CC00B4C795 /* Assets.xcassets in Resources */,
				465A4048209B14C800B4C795 /* Main.storyboard in Resources */,
			);
			runOnlyForDeploymentPostprocessing = 0;
		};
		465A4053209B14CC00B4C795 /* Resources */ = {
			isa = PBXResourcesBuildPhase;
			buildActionMask = 2147483647;
			files = (
			);
			runOnlyForDeploymentPostprocessing = 0;
		};
/* End PBXResourcesBuildPhase section */

/* Begin PBXShellScriptBuildPhase section */
		31B1BDDCEC5E78E2F7AAE40F /* [CP] Embed Pods Frameworks */ = {
			isa = PBXShellScriptBuildPhase;
			buildActionMask = 2147483647;
			files = (
			);
			inputPaths = (
			);
			name = "[CP] Embed Pods Frameworks";
			outputPaths = (
			);
			runOnlyForDeploymentPostprocessing = 0;
			shellPath = /bin/sh;
			shellScript = "\"${SRCROOT}/Pods/Target Support Files/Pods-VideoToWebpDemo/Pods-VideoToWebpDemo-frameworks.sh\"\n";
			showEnvVarsInLog = 0;
		};
		6ACB75BD1301256F2B6918E4 /* [CP] Check Pods Manifest.lock */ = {
			isa = PBXShellScriptBuildPhase;
			buildActionMask = 2147483647;
			files = (
			);
			inputPaths = (
				"${PODS_PODFILE_DIR_PATH}/Podfile.lock",
				"${PODS_ROOT}/Manifest.lock",
			);
			name = "[CP] Check Pods Manifest.lock";
			outputPaths = (
				"$(DERIVED_FILE_DIR)/Pods-VideoToWebpDemo-checkManifestLockResult.txt",
			);
			runOnlyForDeploymentPostprocessing = 0;
			shellPath = /bin/sh;
			shellScript = "diff \"${PODS_PODFILE_DIR_PATH}/Podfile.lock\" \"${PODS_ROOT}/Manifest.lock\" > /dev/null\nif [ $? != 0 ] ; then\n    # print error to STDERR\n    echo \"error: The sandbox is not in sync with the Podfile.lock. Run 'pod install' or update your CocoaPods installation.\" >&2\n    exit 1\nfi\n# This output is used by Xcode 'outputs' to avoid re-running this script phase.\necho \"SUCCESS\" > \"${SCRIPT_OUTPUT_FILE_0}\"\n";
			showEnvVarsInLog = 0;
		};
		F6B746CBAA934A0538A83562 /* [CP] Copy Pods Resources */ = {
			isa = PBXShellScriptBuildPhase;
			buildActionMask = 2147483647;
			files = (
			);
			inputPaths = (
			);
			name = "[CP] Copy Pods Resources";
			outputPaths = (
			);
			runOnlyForDeploymentPostprocessing = 0;
			shellPath = /bin/sh;
			shellScript = "\"${SRCROOT}/Pods/Target Support Files/Pods-VideoToWebpDemo/Pods-VideoToWebpDemo-resources.sh\"\n";
			showEnvVarsInLog = 0;
		};
/* End PBXShellScriptBuildPhase section */

/* Begin PBXSourcesBuildPhase section */
		465A4039209B14C400B4C795 /* Sources */ = {
			isa = PBXSourcesBuildPhase;
			buildActionMask = 2147483647;
			files = (
				465A4045209B14C700B4C795 /* ViewController.m in Sources */,
				465A4050209B14CC00B4C795 /* main.m in Sources */,
				465A4042209B14C400B4C795 /* AppDelegate.m in Sources */,
			);
			runOnlyForDeploymentPostprocessing = 0;
		};
		465A4051209B14CC00B4C795 /* Sources */ = {
			isa = PBXSourcesBuildPhase;
			buildActionMask = 2147483647;
			files = (
				465A405A209B14CC00B4C795 /* VideoToWebpDemoUITests.m in Sources */,
			);
			runOnlyForDeploymentPostprocessing = 0;
		};
/* End PBXSourcesBuildPhase section */

/* Begin PBXTargetDependency section */
		465A4057209B14CC00B4C795 /* PBXTargetDependency */ = {
			isa = PBXTargetDependency;
			target = 465A403C209B14C400B4C795 /* VideoToWebpDemo */;
			targetProxy = 465A4056209B14CC00B4C795 /* PBXContainerItemProxy */;
		};
/* End PBXTargetDependency section */

/* Begin PBXVariantGroup section */
		465A4046209B14C800B4C795 /* Main.storyboard */ = {
			isa = PBXVariantGroup;
			children = (
				465A4047209B14C800B4C795 /* Base */,
			);
			name = Main.storyboard;
			sourceTree = "<group>";
		};
		465A404B209B14CC00B4C795 /* LaunchScreen.storyboard */ = {
			isa = PBXVariantGroup;
			children = (
				465A404C209B14CC00B4C795 /* Base */,
			);
			name = LaunchScreen.storyboard;
			sourceTree = "<group>";
		};
/* End PBXVariantGroup section */

/* Begin XCBuildConfiguration section */
		465A405C209B14CC00B4C795 /* Debug */ = {
			isa = XCBuildConfiguration;
			buildSettings = {
				ALWAYS_SEARCH_USER_PATHS = NO;
				CLANG_ANALYZER_NONNULL = YES;
				CLANG_ANALYZER_NUMBER_OBJECT_CONVERSION = YES_AGGRESSIVE;
				CLANG_CXX_LANGUAGE_STANDARD = "gnu++14";
				CLANG_CXX_LIBRARY = "libc++";
				CLANG_ENABLE_MODULES = YES;
				CLANG_ENABLE_OBJC_ARC = YES;
				CLANG_ENABLE_OBJC_WEAK = YES;
				CLANG_WARN_BLOCK_CAPTURE_AUTORELEASING = YES;
				CLANG_WARN_BOOL_CONVERSION = YES;
				CLANG_WARN_COMMA = YES;
				CLANG_WARN_CONSTANT_CONVERSION = YES;
				CLANG_WARN_DEPRECATED_OBJC_IMPLEMENTATIONS = YES;
				CLANG_WARN_DIRECT_OBJC_ISA_USAGE = YES_ERROR;
				CLANG_WARN_DOCUMENTATION_COMMENTS = YES;
				CLANG_WARN_EMPTY_BODY = YES;
				CLANG_WARN_ENUM_CONVERSION = YES;
				CLANG_WARN_INFINITE_RECURSION = YES;
				CLANG_WARN_INT_CONVERSION = YES;
				CLANG_WARN_NON_LITERAL_NULL_CONVERSION = YES;
				CLANG_WARN_OBJC_IMPLICIT_RETAIN_SELF = YES;
				CLANG_WARN_OBJC_LITERAL_CONVERSION = YES;
				CLANG_WARN_OBJC_ROOT_CLASS = YES_ERROR;
				CLANG_WARN_RANGE_LOOP_ANALYSIS = YES;
				CLANG_WARN_STRICT_PROTOTYPES = YES;
				CLANG_WARN_SUSPICIOUS_MOVE = YES;
				CLANG_WARN_UNGUARDED_AVAILABILITY = YES_AGGRESSIVE;
				CLANG_WARN_UNREACHABLE_CODE = YES;
				CLANG_WARN__DUPLICATE_METHOD_MATCH = YES;
				CODE_SIGN_IDENTITY = "iPhone Developer";
				COPY_PHASE_STRIP = NO;
				DEBUG_INFORMATION_FORMAT = dwarf;
				ENABLE_STRICT_OBJC_MSGSEND = YES;
				ENABLE_TESTABILITY = YES;
				GCC_C_LANGUAGE_STANDARD = gnu11;
				GCC_DYNAMIC_NO_PIC = NO;
				GCC_NO_COMMON_BLOCKS = YES;
				GCC_OPTIMIZATION_LEVEL = 0;
				GCC_PREPROCESSOR_DEFINITIONS = (
					"DEBUG=1",
					"$(inherited)",
				);
				GCC_WARN_64_TO_32_BIT_CONVERSION = YES;
				GCC_WARN_ABOUT_RETURN_TYPE = YES_ERROR;
				GCC_WARN_UNDECLARED_SELECTOR = YES;
				GCC_WARN_UNINITIALIZED_AUTOS = YES_AGGRESSIVE;
				GCC_WARN_UNUSED_FUNCTION = YES;
				GCC_WARN_UNUSED_VARIABLE = YES;
				IPHONEOS_DEPLOYMENT_TARGET = 11.3;
				MTL_ENABLE_DEBUG_INFO = YES;
				ONLY_ACTIVE_ARCH = YES;
				SDKROOT = iphoneos;
			};
			name = Debug;
		};
		465A405D209B14CC00B4C795 /* Release */ = {
			isa = XCBuildConfiguration;
			buildSettings = {
				ALWAYS_SEARCH_USER_PATHS = NO;
				CLANG_ANALYZER_NONNULL = YES;
				CLANG_ANALYZER_NUMBER_OBJECT_CONVERSION = YES_AGGRESSIVE;
				CLANG_CXX_LANGUAGE_STANDARD = "gnu++14";
				CLANG_CXX_LIBRARY = "libc++";
				CLANG_ENABLE_MODULES = YES;
				CLANG_ENABLE_OBJC_ARC = YES;
				CLANG_ENABLE_OBJC_WEAK = YES;
				CLANG_WARN_BLOCK_CAPTURE_AUTORELEASING = YES;
				CLANG_WARN_BOOL_CONVERSION = YES;
				CLANG_WARN_COMMA = YES;
				CLANG_WARN_CONSTANT_CONVERSION = YES;
				CLANG_WARN_DEPRECATED_OBJC_IMPLEMENTATIONS = YES;
				CLANG_WARN_DIRECT_OBJC_ISA_USAGE = YES_ERROR;
				CLANG_WARN_DOCUMENTATION_COMMENTS = YES;
				CLANG_WARN_EMPTY_BODY = YES;
				CLANG_WARN_ENUM_CONVERSION = YES;
				CLANG_WARN_INFINITE_RECURSION = YES;
				CLANG_WARN_INT_CONVERSION = YES;
				CLANG_WARN_NON_LITERAL_NULL_CONVERSION = YES;
				CLANG_WARN_OBJC_IMPLICIT_RETAIN_SELF = YES;
				CLANG_WARN_OBJC_LITERAL_CONVERSION = YES;
				CLANG_WARN_OBJC_ROOT_CLASS = YES_ERROR;
				CLANG_WARN_RANGE_LOOP_ANALYSIS = YES;
				CLANG_WARN_STRICT_PROTOTYPES = YES;
				CLANG_WARN_SUSPICIOUS_MOVE = YES;
				CLANG_WARN_UNGUARDED_AVAILABILITY = YES_AGGRESSIVE;
				CLANG_WARN_UNREACHABLE_CODE = YES;
				CLANG_WARN__DUPLICATE_METHOD_MATCH = YES;
				CODE_SIGN_IDENTITY = "iPhone Developer";
				COPY_PHASE_STRIP = NO;
				DEBUG_INFORMATION_FORMAT = "dwarf-with-dsym";
				ENABLE_NS_ASSERTIONS = NO;
				ENABLE_STRICT_OBJC_MSGSEND = YES;
				GCC_C_LANGUAGE_STANDARD = gnu11;
				GCC_NO_COMMON_BLOCKS = YES;
				GCC_WARN_64_TO_32_BIT_CONVERSION = YES;
				GCC_WARN_ABOUT_RETURN_TYPE = YES_ERROR;
				GCC_WARN_UNDECLARED_SELECTOR = YES;
				GCC_WARN_UNINITIALIZED_AUTOS = YES_AGGRESSIVE;
				GCC_WARN_UNUSED_FUNCTION = YES;
				GCC_WARN_UNUSED_VARIABLE = YES;
				IPHONEOS_DEPLOYMENT_TARGET = 11.3;
				MTL_ENABLE_DEBUG_INFO = NO;
				SDKROOT = iphoneos;
				VALIDATE_PRODUCT = YES;
			};
			name = Release;
		};
		465A405F209B14CC00B4C795 /* Debug */ = {
			isa = XCBuildConfiguration;
			baseConfigurationReference = 9EE8F28AAF74795B1FBC8AF4 /* Pods-VideoToWebpDemo.debug.xcconfig */;
			buildSettings = {
				ASSETCATALOG_COMPILER_APPICON_NAME = AppIcon;
				CODE_SIGN_STYLE = Manual;
				DEVELOPMENT_TEAM = "";
				INFOPLIST_FILE = VideoToWebpDemo/Info.plist;
				LD_RUNPATH_SEARCH_PATHS = (
					"$(inherited)",
					"@executable_path/Frameworks",
				);
				PRODUCT_BUNDLE_IDENTIFIER = cn.kx.ios.VideoToWebpDemo;
				PRODUCT_NAME = "$(TARGET_NAME)";
				PROVISIONING_PROFILE_SPECIFIER = "";
				TARGETED_DEVICE_FAMILY = "1,2";
			};
			name = Debug;
		};
		465A4060209B14CC00B4C795 /* Release */ = {
			isa = XCBuildConfiguration;
			baseConfigurationReference = C5BC8D21133426FE7E04309C /* Pods-VideoToWebpDemo.release.xcconfig */;
			buildSettings = {
				ASSETCATALOG_COMPILER_APPICON_NAME = AppIcon;
				CODE_SIGN_STYLE = Manual;
				DEVELOPMENT_TEAM = "";
				INFOPLIST_FILE = VideoToWebpDemo/Info.plist;
				LD_RUNPATH_SEARCH_PATHS = (
					"$(inherited)",
					"@executable_path/Frameworks",
				);
				PRODUCT_BUNDLE_IDENTIFIER = cn.kx.ios.VideoToWebpDemo;
				PRODUCT_NAME = "$(TARGET_NAME)";
				PROVISIONING_PROFILE_SPECIFIER = "";
				TARGETED_DEVICE_FAMILY = "1,2";
			};
			name = Release;
		};
		465A4062209B14CC00B4C795 /* Debug */ = {
			isa = XCBuildConfiguration;
			buildSettings = {
				CODE_SIGN_STYLE = Automatic;
				INFOPLIST_FILE = VideoToWebpDemoUITests/Info.plist;
				LD_RUNPATH_SEARCH_PATHS = (
					"$(inherited)",
					"@executable_path/Frameworks",
					"@loader_path/Frameworks",
				);
				PRODUCT_BUNDLE_IDENTIFIER = cn.kx.ios.VideoToWebpDemoUITests;
				PRODUCT_NAME = "$(TARGET_NAME)";
				TARGETED_DEVICE_FAMILY = "1,2";
				TEST_TARGET_NAME = VideoToWebpDemo;
			};
			name = Debug;
		};
		465A4063209B14CC00B4C795 /* Release */ = {
			isa = XCBuildConfiguration;
			buildSettings = {
				CODE_SIGN_STYLE = Automatic;
				INFOPLIST_FILE = VideoToWebpDemoUITests/Info.plist;
				LD_RUNPATH_SEARCH_PATHS = (
					"$(inherited)",
					"@executable_path/Frameworks",
					"@loader_path/Frameworks",
				);
				PRODUCT_BUNDLE_IDENTIFIER = cn.kx.ios.VideoToWebpDemoUITests;
				PRODUCT_NAME = "$(TARGET_NAME)";
				TARGETED_DEVICE_FAMILY = "1,2";
				TEST_TARGET_NAME = VideoToWebpDemo;
			};
			name = Release;
		};
/* End XCBuildConfiguration section */

/* Begin XCConfigurationList section */
		465A4038209B14C400B4C795 /* Build configuration list for PBXProject "VideoToWebpDemo" */ = {
			isa = XCConfigurationList;
			buildConfigurations = (
				465A405C209B14CC00B4C795 /* Debug */,
				465A405D209B14CC00B4C795 /* Release */,
			);
			defaultConfigurationIsVisible = 0;
			defaultConfigurationName = Release;
		};
		465A405E209B14CC00B4C795 /* Build configuration list for PBXNativeTarget "VideoToWebpDemo" */ = {
			isa = XCConfigurationList;
			buildConfigurations = (
				465A405F209B14CC00B4C795 /* Debug */,
				465A4060209B14CC00B4C795 /* Release */,
			);
			defaultConfigurationIsVisible = 0;
			defaultConfigurationName = Release;
		};
		465A4061209B14CC00B4C795 /* Build configuration list for PBXNativeTarget "VideoToWebpDemoUITests" */ = {
			isa = XCConfigurationList;
			buildConfigurations = (
				465A4062209B14CC00B4C795 /* Debug */,
				465A4063209B14CC00B4C795 /* Release */,
			);
			defaultConfigurationIsVisible = 0;
			defaultConfigurationName = Release;
		};
/* End XCConfigurationList section */
	};
	rootObject = 465A4035209B14C400B4C795 /* Project object */;
}
